
Microsoft Visual Studio Solution File, Format Version 12.00
# Visual Studio Version 16
VisualStudioVersion = 16.0.32002.261
MinimumVisualStudioVersion = 10.0.40219.1
Project("{FAE04EC0-301F-11D3-BF4B-00C04F79EFBC}") = "KanyeAndRonAPIProject", "KanyeAndRonAPIProject\KanyeAndRonAPIProject.csproj", "{1FB15DFE-3CD5-48AE-97E5-5103B59F2454}"
EndProject
Global
	GlobalSection(SolutionConfigurationPlatforms) = preSolution
		Debug|Any CPU = Debug|Any CPU
		Release|Any CPU = Release|Any CPU
	EndGlobalSection
	GlobalSection(ProjectConfigurationPlatforms) = postSolution
		{1FB15DFE-3CD5-48AE-97E5-5103B59F2454}.Debug|Any CPU.ActiveCfg = Debug|Any CPU
		{1FB15DFE-3CD5-48AE-97E5-5103B59F2454}.Debug|Any CPU.Build.0 = Debug|Any CPU
		{1FB15DFE-3CD5-48AE-97E5-5103B59F2454}.Release|Any CPU.ActiveCfg = Release|Any CPU
		{1FB15DFE-3CD5-48AE-97E5-5103B59F2454}.Release|Any CPU.Build.0 = Release|Any CPU
	EndGlobalSection
	GlobalSection(SolutionProperties) = preSolution
		HideSolutionNode = FALSE
	EndGlobalSection
	GlobalSection(ExtensibilityGlobals) = postSolution
		SolutionGuid = {8B2DAA89-0ED7-488D-B2A9-323BCA72147F}
	EndGlobalSection
EndGlobal
